
Microsoft Visual Studio Solution File, Format Version 12.00
# Visual Studio Version 17
VisualStudioVersion = 17.6.33801.468
MinimumVisualStudioVersion = 10.0.40219.1
Project("{FAE04EC0-301F-11D3-BF4B-00C04F79EFBC}") = "116A - Tram", "116A - Tram.csproj", "{C4BD1A8F-BCF3-4396-A84A-D3370AACC446}"
EndProject
Global
	GlobalSection(SolutionConfigurationPlatforms) = preSolution
		Debug|Any CPU = Debug|Any CPU
		Release|Any CPU = Release|Any CPU
	EndGlobalSection
	GlobalSection(ProjectConfigurationPlatforms) = postSolution
		{C4BD1A8F-BCF3-4396-A84A-D3370AACC446}.Debug|Any CPU.ActiveCfg = Debug|Any CPU
		{C4BD1A8F-BCF3-4396-A84A-D3370AACC446}.Debug|Any CPU.Build.0 = Debug|Any CPU
		{C4BD1A8F-BCF3-4396-A84A-D3370AACC446}.Release|Any CPU.ActiveCfg = Release|Any CPU
		{C4BD1A8F-BCF3-4396-A84A-D3370AACC446}.Release|Any CPU.Build.0 = Release|Any CPU
	EndGlobalSection
	GlobalSection(SolutionProperties) = preSolution
		HideSolutionNode = FALSE
	EndGlobalSection
	GlobalSection(ExtensibilityGlobals) = postSolution
		SolutionGuid = {0040A446-69A0-402A-87C0-8CB34645EC2D}
	EndGlobalSection
EndGlobal
