
Microsoft Visual Studio Solution File, Format Version 12.00
# Visual Studio Version 17
VisualStudioVersion = 17.6.33801.468
MinimumVisualStudioVersion = 10.0.40219.1
Project("{FAE04EC0-301F-11D3-BF4B-00C04F79EFBC}") = "9A - Die Roll", "9A - Die Roll.csproj", "{7C0E3CF7-1B38-4F05-ABBA-2669DB755210}"
EndProject
Global
	GlobalSection(SolutionConfigurationPlatforms) = preSolution
		Debug|Any CPU = Debug|Any CPU
		Release|Any CPU = Release|Any CPU
	EndGlobalSection
	GlobalSection(ProjectConfigurationPlatforms) = postSolution
		{7C0E3CF7-1B38-4F05-ABBA-2669DB755210}.Debug|Any CPU.ActiveCfg = Debug|Any CPU
		{7C0E3CF7-1B38-4F05-ABBA-2669DB755210}.Debug|Any CPU.Build.0 = Debug|Any CPU
		{7C0E3CF7-1B38-4F05-ABBA-2669DB755210}.Release|Any CPU.ActiveCfg = Release|Any CPU
		{7C0E3CF7-1B38-4F05-ABBA-2669DB755210}.Release|Any CPU.Build.0 = Release|Any CPU
	EndGlobalSection
	GlobalSection(SolutionProperties) = preSolution
		HideSolutionNode = FALSE
	EndGlobalSection
	GlobalSection(ExtensibilityGlobals) = postSolution
		SolutionGuid = {D7822A13-76C9-41AA-841D-40F4F6A1DA34}
	EndGlobalSection
EndGlobal
