
Microsoft Visual Studio Solution File, Format Version 12.00
# Visual Studio Version 17
VisualStudioVersion = 17.4.33205.214
MinimumVisualStudioVersion = 10.0.40219.1
Project("{FAE04EC0-301F-11D3-BF4B-00C04F79EFBC}") = "CodeForces", "CodeForces.csproj", "{BAF3ECBC-358A-4ADC-BD08-6F1403698B88}"
EndProject
Global
	GlobalSection(SolutionConfigurationPlatforms) = preSolution
		Debug|Any CPU = Debug|Any CPU
		Release|Any CPU = Release|Any CPU
	EndGlobalSection
	GlobalSection(ProjectConfigurationPlatforms) = postSolution
		{BAF3ECBC-358A-4ADC-BD08-6F1403698B88}.Debug|Any CPU.ActiveCfg = Debug|Any CPU
		{BAF3ECBC-358A-4ADC-BD08-6F1403698B88}.Debug|Any CPU.Build.0 = Debug|Any CPU
		{BAF3ECBC-358A-4ADC-BD08-6F1403698B88}.Release|Any CPU.ActiveCfg = Release|Any CPU
		{BAF3ECBC-358A-4ADC-BD08-6F1403698B88}.Release|Any CPU.Build.0 = Release|Any CPU
	EndGlobalSection
	GlobalSection(SolutionProperties) = preSolution
		HideSolutionNode = FALSE
	EndGlobalSection
	GlobalSection(ExtensibilityGlobals) = postSolution
		SolutionGuid = {47472E6C-9E2E-45D0-B6D8-9BCB7A7CA199}
	EndGlobalSection
EndGlobal
