
Microsoft Visual Studio Solution File, Format Version 12.00
# Visual Studio Version 17
VisualStudioVersion = 17.6.33801.468
MinimumVisualStudioVersion = 10.0.40219.1
Project("{FAE04EC0-301F-11D3-BF4B-00C04F79EFBC}") = "71A- Way Too Long Word", "71A- Way Too Long Word.csproj", "{DB445AC1-AAC7-4686-A1B9-F6B14A4BA78F}"
EndProject
Global
	GlobalSection(SolutionConfigurationPlatforms) = preSolution
		Debug|Any CPU = Debug|Any CPU
		Release|Any CPU = Release|Any CPU
	EndGlobalSection
	GlobalSection(ProjectConfigurationPlatforms) = postSolution
		{DB445AC1-AAC7-4686-A1B9-F6B14A4BA78F}.Debug|Any CPU.ActiveCfg = Debug|Any CPU
		{DB445AC1-AAC7-4686-A1B9-F6B14A4BA78F}.Debug|Any CPU.Build.0 = Debug|Any CPU
		{DB445AC1-AAC7-4686-A1B9-F6B14A4BA78F}.Release|Any CPU.ActiveCfg = Release|Any CPU
		{DB445AC1-AAC7-4686-A1B9-F6B14A4BA78F}.Release|Any CPU.Build.0 = Release|Any CPU
	EndGlobalSection
	GlobalSection(SolutionProperties) = preSolution
		HideSolutionNode = FALSE
	EndGlobalSection
	GlobalSection(ExtensibilityGlobals) = postSolution
		SolutionGuid = {8F454433-C057-4039-BEE8-5315BFEE8969}
	EndGlobalSection
EndGlobal
