
Microsoft Visual Studio Solution File, Format Version 12.00
# Visual Studio Version 17
VisualStudioVersion = 17.4.33205.214
MinimumVisualStudioVersion = 10.0.40219.1
Project("{FAE04EC0-301F-11D3-BF4B-00C04F79EFBC}") = "Three Kings", "Three Kings.csproj", "{4DC46761-D9D0-4368-B418-EDF85640630D}"
EndProject
Project("{FAE04EC0-301F-11D3-BF4B-00C04F79EFBC}") = "41A - Translation", "..\41A - Translation\41A - Translation.csproj", "{6E4CF35F-8C30-42BC-BE91-BEFBBEA67130}"
EndProject
Global
	GlobalSection(SolutionConfigurationPlatforms) = preSolution
		Debug|Any CPU = Debug|Any CPU
		Release|Any CPU = Release|Any CPU
	EndGlobalSection
	GlobalSection(ProjectConfigurationPlatforms) = postSolution
		{4DC46761-D9D0-4368-B418-EDF85640630D}.Debug|Any CPU.ActiveCfg = Debug|Any CPU
		{4DC46761-D9D0-4368-B418-EDF85640630D}.Debug|Any CPU.Build.0 = Debug|Any CPU
		{4DC46761-D9D0-4368-B418-EDF85640630D}.Release|Any CPU.ActiveCfg = Release|Any CPU
		{4DC46761-D9D0-4368-B418-EDF85640630D}.Release|Any CPU.Build.0 = Release|Any CPU
		{6E4CF35F-8C30-42BC-BE91-BEFBBEA67130}.Debug|Any CPU.ActiveCfg = Debug|Any CPU
		{6E4CF35F-8C30-42BC-BE91-BEFBBEA67130}.Debug|Any CPU.Build.0 = Debug|Any CPU
		{6E4CF35F-8C30-42BC-BE91-BEFBBEA67130}.Release|Any CPU.ActiveCfg = Release|Any CPU
		{6E4CF35F-8C30-42BC-BE91-BEFBBEA67130}.Release|Any CPU.Build.0 = Release|Any CPU
	EndGlobalSection
	GlobalSection(SolutionProperties) = preSolution
		HideSolutionNode = FALSE
	EndGlobalSection
	GlobalSection(ExtensibilityGlobals) = postSolution
		SolutionGuid = {3CB320AF-25D4-447E-8410-57795B8296E3}
	EndGlobalSection
EndGlobal
