
Microsoft Visual Studio Solution File, Format Version 12.00
# Visual Studio Version 17
VisualStudioVersion = 17.5.001.0
MinimumVisualStudioVersion = 10.0.40219.1
Project("{9A19103F-16F7-4668-BE54-9A1E7A4F7556}") = "chatRoom", "chatRoom.csproj", "{BE4EB623-A780-4C1C-BD3F-3C850A2CC26A}"
EndProject
Global
	GlobalSection(SolutionConfigurationPlatforms) = preSolution
		Debug|Any CPU = Debug|Any CPU
		Release|Any CPU = Release|Any CPU
	EndGlobalSection
	GlobalSection(ProjectConfigurationPlatforms) = postSolution
		{BE4EB623-A780-4C1C-BD3F-3C850A2CC26A}.Debug|Any CPU.ActiveCfg = Debug|Any CPU
		{BE4EB623-A780-4C1C-BD3F-3C850A2CC26A}.Debug|Any CPU.Build.0 = Debug|Any CPU
		{BE4EB623-A780-4C1C-BD3F-3C850A2CC26A}.Release|Any CPU.ActiveCfg = Release|Any CPU
		{BE4EB623-A780-4C1C-BD3F-3C850A2CC26A}.Release|Any CPU.Build.0 = Release|Any CPU
	EndGlobalSection
	GlobalSection(SolutionProperties) = preSolution
		HideSolutionNode = FALSE
	EndGlobalSection
	GlobalSection(ExtensibilityGlobals) = postSolution
		SolutionGuid = {856C53A8-D082-444B-9919-BA3EE67663D7}
	EndGlobalSection
EndGlobal
