
Microsoft Visual Studio Solution File, Format Version 12.00
# Visual Studio Version 17
VisualStudioVersion = 17.6.33801.468
MinimumVisualStudioVersion = 10.0.40219.1
Project("{FAE04EC0-301F-11D3-BF4B-00C04F79EFBC}") = "1367A - Short Substrings", "1367A - Short Substrings.csproj", "{03417DEB-D5B3-4490-B6C8-401BC3BD5B60}"
EndProject
Global
	GlobalSection(SolutionConfigurationPlatforms) = preSolution
		Debug|Any CPU = Debug|Any CPU
		Release|Any CPU = Release|Any CPU
	EndGlobalSection
	GlobalSection(ProjectConfigurationPlatforms) = postSolution
		{03417DEB-D5B3-4490-B6C8-401BC3BD5B60}.Debug|Any CPU.ActiveCfg = Debug|Any CPU
		{03417DEB-D5B3-4490-B6C8-401BC3BD5B60}.Debug|Any CPU.Build.0 = Debug|Any CPU
		{03417DEB-D5B3-4490-B6C8-401BC3BD5B60}.Release|Any CPU.ActiveCfg = Release|Any CPU
		{03417DEB-D5B3-4490-B6C8-401BC3BD5B60}.Release|Any CPU.Build.0 = Release|Any CPU
	EndGlobalSection
	GlobalSection(SolutionProperties) = preSolution
		HideSolutionNode = FALSE
	EndGlobalSection
	GlobalSection(ExtensibilityGlobals) = postSolution
		SolutionGuid = {FCFE9151-6991-48DB-B3FD-7CCED4AA9493}
	EndGlobalSection
EndGlobal
