
Microsoft Visual Studio Solution File, Format Version 12.00
# Visual Studio Version 17
VisualStudioVersion = 17.4.33205.214
MinimumVisualStudioVersion = 10.0.40219.1
Project("{FAE04EC0-301F-11D3-BF4B-00C04F79EFBC}") = "1154A - Restoring three numbers", "1154A - Restoring three numbers.csproj", "{27566352-D0DF-409D-AD88-C61D0E65FF00}"
EndProject
Global
	GlobalSection(SolutionConfigurationPlatforms) = preSolution
		Debug|Any CPU = Debug|Any CPU
		Release|Any CPU = Release|Any CPU
	EndGlobalSection
	GlobalSection(ProjectConfigurationPlatforms) = postSolution
		{27566352-D0DF-409D-AD88-C61D0E65FF00}.Debug|Any CPU.ActiveCfg = Debug|Any CPU
		{27566352-D0DF-409D-AD88-C61D0E65FF00}.Debug|Any CPU.Build.0 = Debug|Any CPU
		{27566352-D0DF-409D-AD88-C61D0E65FF00}.Release|Any CPU.ActiveCfg = Release|Any CPU
		{27566352-D0DF-409D-AD88-C61D0E65FF00}.Release|Any CPU.Build.0 = Release|Any CPU
	EndGlobalSection
	GlobalSection(SolutionProperties) = preSolution
		HideSolutionNode = FALSE
	EndGlobalSection
	GlobalSection(ExtensibilityGlobals) = postSolution
		SolutionGuid = {F732BF26-88BE-49E3-B116-122E12776E36}
	EndGlobalSection
EndGlobal
