
Microsoft Visual Studio Solution File, Format Version 12.00
# Visual Studio Version 17
VisualStudioVersion = 17.9.34902.65
MinimumVisualStudioVersion = 10.0.40219.1
Project("{FAE04EC0-301F-11D3-BF4B-00C04F79EFBC}") = "1409A- Yet Another Two integers Problem", "1409A- Yet Another Two integers Problem.csproj", "{1EDFCA6D-E0CC-4919-B8EC-941663ADAE60}"
EndProject
Global
	GlobalSection(SolutionConfigurationPlatforms) = preSolution
		Debug|Any CPU = Debug|Any CPU
		Release|Any CPU = Release|Any CPU
	EndGlobalSection
	GlobalSection(ProjectConfigurationPlatforms) = postSolution
		{1EDFCA6D-E0CC-4919-B8EC-941663ADAE60}.Debug|Any CPU.ActiveCfg = Debug|Any CPU
		{1EDFCA6D-E0CC-4919-B8EC-941663ADAE60}.Debug|Any CPU.Build.0 = Debug|Any CPU
		{1EDFCA6D-E0CC-4919-B8EC-941663ADAE60}.Release|Any CPU.ActiveCfg = Release|Any CPU
		{1EDFCA6D-E0CC-4919-B8EC-941663ADAE60}.Release|Any CPU.Build.0 = Release|Any CPU
	EndGlobalSection
	GlobalSection(SolutionProperties) = preSolution
		HideSolutionNode = FALSE
	EndGlobalSection
	GlobalSection(ExtensibilityGlobals) = postSolution
		SolutionGuid = {A5999795-40AD-49D8-BC70-F95DCF893DC3}
	EndGlobalSection
EndGlobal
